
Microsoft Visual Studio Solution File, Format Version 12.00
# Visual Studio Version 16
VisualStudioVersion = 16.0.30413.136
MinimumVisualStudioVersion = 10.0.40219.1
Project("{FAE04EC0-301F-11D3-BF4B-00C04F79EFBC}") = "FlappyBird", "FlappyBird\FlappyBird.csproj", "{9E638761-20C0-42C2-A2A9-B925B6F167CD}"
EndProject
Global
	GlobalSection(SolutionConfigurationPlatforms) = preSolution
		Debug|Any CPU = Debug|Any CPU
		Release|Any CPU = Release|Any CPU
	EndGlobalSection
	GlobalSection(ProjectConfigurationPlatforms) = postSolution
		{9E638761-20C0-42C2-A2A9-B925B6F167CD}.Debug|Any CPU.ActiveCfg = Debug|Any CPU
		{9E638761-20C0-42C2-A2A9-B925B6F167CD}.Debug|Any CPU.Build.0 = Debug|Any CPU
		{9E638761-20C0-42C2-A2A9-B925B6F167CD}.Release|Any CPU.ActiveCfg = Release|Any CPU
		{9E638761-20C0-42C2-A2A9-B925B6F167CD}.Release|Any CPU.Build.0 = Release|Any CPU
	EndGlobalSection
	GlobalSection(SolutionProperties) = preSolution
		HideSolutionNode = FALSE
	EndGlobalSection
	GlobalSection(ExtensibilityGlobals) = postSolution
		SolutionGuid = {FC94FD70-B18F-4595-A16E-7DC378A48EE0}
	EndGlobalSection
EndGlobal
